
Microsoft Visual Studio Solution File, Format Version 12.00
# Visual Studio 15
VisualStudioVersion = 15.0.28010.2036
MinimumVisualStudioVersion = 10.0.40219.1
Project("{FAE04EC0-301F-11D3-BF4B-00C04F79EFBC}") = "DataEncryptionTest", "DataEncryptionTest\DataEncryptionTest.csproj", "{C1E2069A-A15E-4752-A4FB-F7BE702805A2}"
EndProject
Global
	GlobalSection(SolutionConfigurationPlatforms) = preSolution
		Debug|Any CPU = Debug|Any CPU
		Release|Any CPU = Release|Any CPU
	EndGlobalSection
	GlobalSection(ProjectConfigurationPlatforms) = postSolution
		{C1E2069A-A15E-4752-A4FB-F7BE702805A2}.Debug|Any CPU.ActiveCfg = Debug|Any CPU
		{C1E2069A-A15E-4752-A4FB-F7BE702805A2}.Debug|Any CPU.Build.0 = Debug|Any CPU
		{C1E2069A-A15E-4752-A4FB-F7BE702805A2}.Release|Any CPU.ActiveCfg = Release|Any CPU
		{C1E2069A-A15E-4752-A4FB-F7BE702805A2}.Release|Any CPU.Build.0 = Release|Any CPU
	EndGlobalSection
	GlobalSection(SolutionProperties) = preSolution
		HideSolutionNode = FALSE
	EndGlobalSection
	GlobalSection(ExtensibilityGlobals) = postSolution
		SolutionGuid = {97A024BF-1C90-445E-90CC-9A7FA1013F02}
	EndGlobalSection
EndGlobal
